
Microsoft Visual Studio Solution File, Format Version 12.00
# Visual Studio Version 16
VisualStudioVersion = 16.0.30907.101
MinimumVisualStudioVersion = 10.0.40219.1
Project("{8BC9CEB8-8B4A-11D0-8D11-00A0C91BC942}") = "RosCpp", "RosCpp\RosCpp.vcxproj", "{E923A082-E261-411D-BE02-C67514776ED8}"
EndProject
Project("{FAE04EC0-301F-11D3-BF4B-00C04F79EFBC}") = "RosFromCSharp", "RosFromCSharp\RosFromCSharp.csproj", "{4785366D-878E-4928-BC12-B3E59C5E2B13}"
EndProject
Global
	GlobalSection(SolutionConfigurationPlatforms) = preSolution
		Debug|Any CPU = Debug|Any CPU
		Debug|x64 = Debug|x64
		Debug|x86 = Debug|x86
		Release|Any CPU = Release|Any CPU
		Release|x64 = Release|x64
		Release|x86 = Release|x86
	EndGlobalSection
	GlobalSection(ProjectConfigurationPlatforms) = postSolution
		{E923A082-E261-411D-BE02-C67514776ED8}.Debug|Any CPU.ActiveCfg = Debug|Win32
		{E923A082-E261-411D-BE02-C67514776ED8}.Debug|x64.ActiveCfg = Release|x64
		{E923A082-E261-411D-BE02-C67514776ED8}.Debug|x64.Build.0 = Release|x64
		{E923A082-E261-411D-BE02-C67514776ED8}.Debug|x86.ActiveCfg = Debug|Win32
		{E923A082-E261-411D-BE02-C67514776ED8}.Debug|x86.Build.0 = Debug|Win32
		{E923A082-E261-411D-BE02-C67514776ED8}.Release|Any CPU.ActiveCfg = Release|Win32
		{E923A082-E261-411D-BE02-C67514776ED8}.Release|x64.ActiveCfg = Release|x64
		{E923A082-E261-411D-BE02-C67514776ED8}.Release|x64.Build.0 = Release|x64
		{E923A082-E261-411D-BE02-C67514776ED8}.Release|x86.ActiveCfg = Release|Win32
		{E923A082-E261-411D-BE02-C67514776ED8}.Release|x86.Build.0 = Release|Win32
		{4785366D-878E-4928-BC12-B3E59C5E2B13}.Debug|Any CPU.ActiveCfg = Debug|Any CPU
		{4785366D-878E-4928-BC12-B3E59C5E2B13}.Debug|Any CPU.Build.0 = Debug|Any CPU
		{4785366D-878E-4928-BC12-B3E59C5E2B13}.Debug|x64.ActiveCfg = Debug|Any CPU
		{4785366D-878E-4928-BC12-B3E59C5E2B13}.Debug|x64.Build.0 = Debug|Any CPU
		{4785366D-878E-4928-BC12-B3E59C5E2B13}.Debug|x86.ActiveCfg = Debug|Any CPU
		{4785366D-878E-4928-BC12-B3E59C5E2B13}.Debug|x86.Build.0 = Debug|Any CPU
		{4785366D-878E-4928-BC12-B3E59C5E2B13}.Release|Any CPU.ActiveCfg = Release|Any CPU
		{4785366D-878E-4928-BC12-B3E59C5E2B13}.Release|Any CPU.Build.0 = Release|Any CPU
		{4785366D-878E-4928-BC12-B3E59C5E2B13}.Release|x64.ActiveCfg = Release|Any CPU
		{4785366D-878E-4928-BC12-B3E59C5E2B13}.Release|x64.Build.0 = Release|Any CPU
		{4785366D-878E-4928-BC12-B3E59C5E2B13}.Release|x86.ActiveCfg = Release|Any CPU
		{4785366D-878E-4928-BC12-B3E59C5E2B13}.Release|x86.Build.0 = Release|Any CPU
	EndGlobalSection
	GlobalSection(SolutionProperties) = preSolution
		HideSolutionNode = FALSE
	EndGlobalSection
	GlobalSection(ExtensibilityGlobals) = postSolution
		SolutionGuid = {8DD4C91E-31D1-42D4-9BDC-8A7EC29B7C7A}
	EndGlobalSection
EndGlobal
